
Microsoft Visual Studio Solution File, Format Version 12.00
# Visual Studio 15
VisualStudioVersion = 15.0.27130.2024
MinimumVisualStudioVersion = 10.0.40219.1
Project("{9A19103F-16F7-4668-BE54-9A1E7A4F7556}") = "TopHundred", "TopHundred\TopHundred.csproj", "{C0B5A729-5C5E-4092-8A02-63AC77A87387}"
EndProject
Project("{151D2E53-A2C4-4D7D-83FE-D05416EBD58E}") = "TopHundredRG", "TopHundredRG\TopHundredRG.deployproj", "{FF648370-9453-4D9D-B9DA-53E1A709F4B6}"
EndProject
Global
	GlobalSection(SolutionConfigurationPlatforms) = preSolution
		Debug|Any CPU = Debug|Any CPU
		Release|Any CPU = Release|Any CPU
	EndGlobalSection
	GlobalSection(ProjectConfigurationPlatforms) = postSolution
		{C0B5A729-5C5E-4092-8A02-63AC77A87387}.Debug|Any CPU.ActiveCfg = Debug|Any CPU
		{C0B5A729-5C5E-4092-8A02-63AC77A87387}.Debug|Any CPU.Build.0 = Debug|Any CPU
		{C0B5A729-5C5E-4092-8A02-63AC77A87387}.Release|Any CPU.ActiveCfg = Release|Any CPU
		{C0B5A729-5C5E-4092-8A02-63AC77A87387}.Release|Any CPU.Build.0 = Release|Any CPU
		{FF648370-9453-4D9D-B9DA-53E1A709F4B6}.Debug|Any CPU.ActiveCfg = Debug|Any CPU
		{FF648370-9453-4D9D-B9DA-53E1A709F4B6}.Debug|Any CPU.Build.0 = Debug|Any CPU
		{FF648370-9453-4D9D-B9DA-53E1A709F4B6}.Release|Any CPU.ActiveCfg = Release|Any CPU
		{FF648370-9453-4D9D-B9DA-53E1A709F4B6}.Release|Any CPU.Build.0 = Release|Any CPU
	EndGlobalSection
	GlobalSection(SolutionProperties) = preSolution
		HideSolutionNode = FALSE
	EndGlobalSection
	GlobalSection(ExtensibilityGlobals) = postSolution
		SolutionGuid = {8847E510-C6D8-43CA-8649-955DEE48B026}
	EndGlobalSection
EndGlobal
